
Microsoft Visual Studio Solution File, Format Version 12.00
# Visual Studio Version 16
VisualStudioVersion = 16.0.31205.134
MinimumVisualStudioVersion = 10.0.40219.1
Project("{FAE04EC0-301F-11D3-BF4B-00C04F79EFBC}") = "WindowsFormsApp22", "WindowsFormsApp22\WindowsFormsApp22.csproj", "{AEFBE7D5-FA4C-4F9D-B1D1-FB74B409EF1E}"
EndProject
Global
	GlobalSection(SolutionConfigurationPlatforms) = preSolution
		Debug|Any CPU = Debug|Any CPU
		Release|Any CPU = Release|Any CPU
	EndGlobalSection
	GlobalSection(ProjectConfigurationPlatforms) = postSolution
		{AEFBE7D5-FA4C-4F9D-B1D1-FB74B409EF1E}.Debug|Any CPU.ActiveCfg = Debug|Any CPU
		{AEFBE7D5-FA4C-4F9D-B1D1-FB74B409EF1E}.Debug|Any CPU.Build.0 = Debug|Any CPU
		{AEFBE7D5-FA4C-4F9D-B1D1-FB74B409EF1E}.Release|Any CPU.ActiveCfg = Release|Any CPU
		{AEFBE7D5-FA4C-4F9D-B1D1-FB74B409EF1E}.Release|Any CPU.Build.0 = Release|Any CPU
	EndGlobalSection
	GlobalSection(SolutionProperties) = preSolution
		HideSolutionNode = FALSE
	EndGlobalSection
	GlobalSection(ExtensibilityGlobals) = postSolution
		SolutionGuid = {F21157EC-7296-4C34-8CA9-DBCEAE4C9A72}
	EndGlobalSection
EndGlobal
